
Microsoft Visual Studio Solution File, Format Version 12.00
# Visual Studio 2013
VisualStudioVersion = 12.0.31101.0
MinimumVisualStudioVersion = 10.0.40219.1
Project("{FAE04EC0-301F-11D3-BF4B-00C04F79EFBC}") = "ExampleProject", "ExampleProject\ExampleProject.csproj", "{26F41844-C2A2-426D-8E92-B13A7196A9A4}"
EndProject
Project("{FAE04EC0-301F-11D3-BF4B-00C04F79EFBC}") = "ExampleProjectTests", "ExampleProjectTests\ExampleProjectTests.csproj", "{A8BEB27C-7DE6-44C2-99CD-9959C708E48B}"
EndProject
Global
	GlobalSection(SolutionConfigurationPlatforms) = preSolution
		Debug|Any CPU = Debug|Any CPU
		Release|Any CPU = Release|Any CPU
	EndGlobalSection
	GlobalSection(ProjectConfigurationPlatforms) = postSolution
		{26F41844-C2A2-426D-8E92-B13A7196A9A4}.Debug|Any CPU.ActiveCfg = Debug|Any CPU
		{26F41844-C2A2-426D-8E92-B13A7196A9A4}.Debug|Any CPU.Build.0 = Debug|Any CPU
		{26F41844-C2A2-426D-8E92-B13A7196A9A4}.Release|Any CPU.ActiveCfg = Release|Any CPU
		{26F41844-C2A2-426D-8E92-B13A7196A9A4}.Release|Any CPU.Build.0 = Release|Any CPU
		{A8BEB27C-7DE6-44C2-99CD-9959C708E48B}.Debug|Any CPU.ActiveCfg = Debug|Any CPU
		{A8BEB27C-7DE6-44C2-99CD-9959C708E48B}.Debug|Any CPU.Build.0 = Debug|Any CPU
		{A8BEB27C-7DE6-44C2-99CD-9959C708E48B}.Release|Any CPU.ActiveCfg = Release|Any CPU
		{A8BEB27C-7DE6-44C2-99CD-9959C708E48B}.Release|Any CPU.Build.0 = Release|Any CPU
	EndGlobalSection
	GlobalSection(SolutionProperties) = preSolution
		HideSolutionNode = FALSE
	EndGlobalSection
EndGlobal
